
Microsoft Visual Studio Solution File, Format Version 12.00
# Visual Studio Version 17
VisualStudioVersion = 17.7.33906.173
MinimumVisualStudioVersion = 10.0.40219.1
Project("{FAE04EC0-301F-11D3-BF4B-00C04F79EFBC}") = "LinqTasks.LevelOne", "LinqTasks.LevelOne\LinqTasks.LevelOne.csproj", "{F752A370-B45B-4212-BE54-04B9081E55AB}"
EndProject
Global
	GlobalSection(SolutionConfigurationPlatforms) = preSolution
		Debug|Any CPU = Debug|Any CPU
		Release|Any CPU = Release|Any CPU
	EndGlobalSection
	GlobalSection(ProjectConfigurationPlatforms) = postSolution
		{F752A370-B45B-4212-BE54-04B9081E55AB}.Debug|Any CPU.ActiveCfg = Debug|Any CPU
		{F752A370-B45B-4212-BE54-04B9081E55AB}.Debug|Any CPU.Build.0 = Debug|Any CPU
		{F752A370-B45B-4212-BE54-04B9081E55AB}.Release|Any CPU.ActiveCfg = Release|Any CPU
		{F752A370-B45B-4212-BE54-04B9081E55AB}.Release|Any CPU.Build.0 = Release|Any CPU
	EndGlobalSection
	GlobalSection(SolutionProperties) = preSolution
		HideSolutionNode = FALSE
	EndGlobalSection
	GlobalSection(ExtensibilityGlobals) = postSolution
		SolutionGuid = {63800181-702C-4A06-92DA-690E52E79A86}
	EndGlobalSection
EndGlobal
